// !$*UTF8*$!
{
	archiveVersion = 1;
	classes = {
	};
	objectVersion = 46;
	objects = {

/* Begin PBXBuildFile section */
		29153CA41A7D74CF00E03D07 /* main.m in Sources */ = {isa = PBXBuildFile; fileRef = 29153CA31A7D74CF00E03D07 /* main.m */; };
		29153CA71A7D74CF00E03D07 /* AppDelegate.m in Sources */ = {isa = PBXBuildFile; fileRef = 29153CA61A7D74CF00E03D07 /* AppDelegate.m */; };
		29153CAA1A7D74CF00E03D07 /* ViewController.m in Sources */ = {isa = PBXBuildFile; fileRef = 29153CA91A7D74CF00E03D07 /* ViewController.m */; };
		29153CAD1A7D74CF00E03D07 /* Main.storyboard in Resources */ = {isa = PBXBuildFile; fileRef = 29153CAB1A7D74CF00E03D07 /* Main.storyboard */; };
		29153CAF1A7D74CF00E03D07 /* Images.xcassets in Resources */ = {isa = PBXBuildFile; fileRef = 29153CAE1A7D74CF00E03D07 /* Images.xcassets */; };
		29153CB21A7D74CF00E03D07 /* LaunchScreen.xib in Resources */ = {isa = PBXBuildFile; fileRef = 29153CB01A7D74CF00E03D07 /* LaunchScreen.xib */; };
		29153CBE1A7D74CF00E03D07 /* NakedTracksTests.m in Sources */ = {isa = PBXBuildFile; fileRef = 29153CBD1A7D74CF00E03D07 /* NakedTracksTests.m */; };
		29153CCA1A7D75A200E03D07 /* NakedTracksViewController.m in Sources */ = {isa = PBXBuildFile; fileRef = 29153CC81A7D75A200E03D07 /* NakedTracksViewController.m */; };
		29153CCB1A7D75A200E03D07 /* NakedTracksViewController.xib in Resources */ = {isa = PBXBuildFile; fileRef = 29153CC91A7D75A200E03D07 /* NakedTracksViewController.xib */; };
		29153CCE1A7D847E00E03D07 /* Song.m in Sources */ = {isa = PBXBuildFile; fileRef = 29153CCD1A7D847E00E03D07 /* Song.m */; };
		29153CD01A7D877A00E03D07 /* songlist.json in Resources */ = {isa = PBXBuildFile; fileRef = 29153CCF1A7D877A00E03D07 /* songlist.json */; };
		292D2F391A916679003C1C7C /* NakedTracksMainView.m in Sources */ = {isa = PBXBuildFile; fileRef = 292D2F381A916679003C1C7C /* NakedTracksMainView.m */; };
		292D2F3B1A91789A003C1C7C /* mixer.png in Resources */ = {isa = PBXBuildFile; fileRef = 292D2F3A1A91789A003C1C7C /* mixer.png */; };
		29B60D281A9C140E00A64B77 /* Knewave-Regular.ttf in Resources */ = {isa = PBXBuildFile; fileRef = 29B60D271A9C12F700A64B77 /* Knewave-Regular.ttf */; };
		29B675431A8C1FEC001F7B6F /* want_you_to_want_me.wav in Resources */ = {isa = PBXBuildFile; fileRef = 29B675421A8C1FEC001F7B6F /* want_you_to_want_me.wav */; };
		29BB0AC01AB450B40056674D /* 2112.wav in Resources */ = {isa = PBXBuildFile; fileRef = 29BB0ABF1AB450B40056674D /* 2112.wav */; };
		29BB0AC21AB451080056674D /* Carry_On_Wayward_Son.wav in Resources */ = {isa = PBXBuildFile; fileRef = 29BB0AC11AB451080056674D /* Carry_On_Wayward_Son.wav */; };
		29BB0AC41AB451680056674D /* Come_Together_Verse.wav in Resources */ = {isa = PBXBuildFile; fileRef = 29BB0AC31AB451680056674D /* Come_Together_Verse.wav */; };
		29BB0AC61AB451A70056674D /* Fly_By_Night_GTR_Chorus.wav in Resources */ = {isa = PBXBuildFile; fileRef = 29BB0AC51AB451A70056674D /* Fly_By_Night_GTR_Chorus.wav */; };
		29BB0AC81AB4520C0056674D /* Lady_Madonna_Bridge.wav in Resources */ = {isa = PBXBuildFile; fileRef = 29BB0AC71AB4520C0056674D /* Lady_Madonna_Bridge.wav */; };
		29BB0ACC1AB4537E0056674D /* Lonely_Is_The_Night_Intro.wav in Resources */ = {isa = PBXBuildFile; fileRef = 29BB0ACB1AB4537E0056674D /* Lonely_Is_The_Night_Intro.wav */; };
		29BB0ACE1AB453F30056674D /* Stranglehold.wav in Resources */ = {isa = PBXBuildFile; fileRef = 29BB0ACD1AB453F30056674D /* Stranglehold.wav */; };
		29BB0AD01AB454770056674D /* I_Can_See_For_Miles.wav in Resources */ = {isa = PBXBuildFile; fileRef = 29BB0ACF1AB454770056674D /* I_Can_See_For_Miles.wav */; };
		29BB0AD21AB4551A0056674D /* Red_Barchetta_BASS_Intro.wav in Resources */ = {isa = PBXBuildFile; fileRef = 29BB0AD11AB4551A0056674D /* Red_Barchetta_BASS_Intro.wav */; };
		29BB0AD61AB458560056674D /* Lady_Madonna_Intro_Verse.wav in Resources */ = {isa = PBXBuildFile; fileRef = 29BB0AD51AB458560056674D /* Lady_Madonna_Intro_Verse.wav */; };
		29BB0AD81AB4D3F70056674D /* Test_Console.gif in Resources */ = {isa = PBXBuildFile; fileRef = 29BB0AD71AB4D3F70056674D /* Test_Console.gif */; };
		29CE6EEF1AC22B69003353E0 /* answerlist.json in Resources */ = {isa = PBXBuildFile; fileRef = 29CE6EEE1AC22B69003353E0 /* answerlist.json */; };
		29E47FE91AD5E7330071A59C /* Answer.m in Sources */ = {isa = PBXBuildFile; fileRef = 29E47FE81AD5E7330071A59C /* Answer.m */; };
		29E47FED1AE300FE0071A59C /* And_So_It_Goes.wav in Resources */ = {isa = PBXBuildFile; fileRef = 29E47FEA1AE300FE0071A59C /* And_So_It_Goes.wav */; };
		29E47FF21AE306DE0071A59C /* Captain_Jack.wav in Resources */ = {isa = PBXBuildFile; fileRef = 29E47FF01AE306DE0071A59C /* Captain_Jack.wav */; };
		29E47FF31AE306DE0071A59C /* Highway_To_Hell_Chorus.wav in Resources */ = {isa = PBXBuildFile; fileRef = 29E47FF11AE306DE0071A59C /* Highway_To_Hell_Chorus.wav */; };
		29E47FF61AE310450071A59C /* Dont_Let_The_Sun_Go_Down_Intro.wav in Resources */ = {isa = PBXBuildFile; fileRef = 29E47FF41AE310450071A59C /* Dont_Let_The_Sun_Go_Down_Intro.wav */; };
		29E47FF71AE310450071A59C /* Goodbye_YellowBrickRoad.wav in Resources */ = {isa = PBXBuildFile; fileRef = 29E47FF51AE310450071A59C /* Goodbye_YellowBrickRoad.wav */; };
		29E47FF91AE45C600071A59C /* Allright_Now_Gtr_Chorus.wav in Resources */ = {isa = PBXBuildFile; fileRef = 29E47FF81AE45C600071A59C /* Allright_Now_Gtr_Chorus.wav */; };
		29E47FFB1AE45C730071A59C /* Back_In_The_Ussr_Intro.wav in Resources */ = {isa = PBXBuildFile; fileRef = 29E47FFA1AE45C730071A59C /* Back_In_The_Ussr_Intro.wav */; };
		29E47FFD1AE45C850071A59C /* Day_Tripper_GTR_Intro.wav in Resources */ = {isa = PBXBuildFile; fileRef = 29E47FFC1AE45C850071A59C /* Day_Tripper_GTR_Intro.wav */; };
		29E47FFF1AE45C8F0071A59C /* House_of_the_rising_sun.wav in Resources */ = {isa = PBXBuildFile; fileRef = 29E47FFE1AE45C8F0071A59C /* House_of_the_rising_sun.wav */; };
		29E480011AE45C9F0071A59C /* John_Lenon_Imagine.wav in Resources */ = {isa = PBXBuildFile; fileRef = 29E480001AE45C9F0071A59C /* John_Lenon_Imagine.wav */; };
		29E480041AE45CAE0071A59C /* Knock_Me_Off_My_Feet.wav in Resources */ = {isa = PBXBuildFile; fileRef = 29E480021AE45CAE0071A59C /* Knock_Me_Off_My_Feet.wav */; };
		29E480051AE45CAE0071A59C /* Wonderwall_Acoustic_Intro.wav in Resources */ = {isa = PBXBuildFile; fileRef = 29E480031AE45CAE0071A59C /* Wonderwall_Acoustic_Intro.wav */; };
		9645E9701EC7D0556D443357 /* libPods.a in Frameworks */ = {isa = PBXBuildFile; fileRef = B50B16C0AC037CFEDB1CF132 /* libPods.a */; };
/* End PBXBuildFile section */

/* Begin PBXContainerItemProxy section */
		29153CB81A7D74CF00E03D07 /* PBXContainerItemProxy */ = {
			isa = PBXContainerItemProxy;
			containerPortal = 29153C961A7D74CF00E03D07 /* Project object */;
			proxyType = 1;
			remoteGlobalIDString = 29153C9D1A7D74CF00E03D07;
			remoteInfo = NakedTracks;
		};
/* End PBXContainerItemProxy section */

/* Begin PBXFileReference section */
		26F0BAAA14E52ECBBA02AE3F /* Pods.debug.xcconfig */ = {isa = PBXFileReference; includeInIndex = 1; lastKnownFileType = text.xcconfig; name = Pods.debug.xcconfig; path = "Pods/Target Support Files/Pods/Pods.debug.xcconfig"; sourceTree = "<group>"; };
		29153C9E1A7D74CF00E03D07 /* NakedTracks.app */ = {isa = PBXFileReference; explicitFileType = wrapper.application; includeInIndex = 0; path = NakedTracks.app; sourceTree = BUILT_PRODUCTS_DIR; };
		29153CA21A7D74CF00E03D07 /* Info.plist */ = {isa = PBXFileReference; lastKnownFileType = text.plist.xml; path = Info.plist; sourceTree = "<group>"; };
		29153CA31A7D74CF00E03D07 /* main.m */ = {isa = PBXFileReference; lastKnownFileType = sourcecode.c.objc; path = main.m; sourceTree = "<group>"; };
		29153CA51A7D74CF00E03D07 /* AppDelegate.h */ = {isa = PBXFileReference; lastKnownFileType = sourcecode.c.h; path = AppDelegate.h; sourceTree = "<group>"; };
		29153CA61A7D74CF00E03D07 /* AppDelegate.m */ = {isa = PBXFileReference; lastKnownFileType = sourcecode.c.objc; path = AppDelegate.m; sourceTree = "<group>"; };
		29153CA81A7D74CF00E03D07 /* ViewController.h */ = {isa = PBXFileReference; lastKnownFileType = sourcecode.c.h; path = ViewController.h; sourceTree = "<group>"; };
		29153CA91A7D74CF00E03D07 /* ViewController.m */ = {isa = PBXFileReference; lastKnownFileType = sourcecode.c.objc; path = ViewController.m; sourceTree = "<group>"; };
		29153CAC1A7D74CF00E03D07 /* Base */ = {isa = PBXFileReference; lastKnownFileType = file.storyboard; name = Base; path = Base.lproj/Main.storyboard; sourceTree = "<group>"; };
		29153CAE1A7D74CF00E03D07 /* Images.xcassets */ = {isa = PBXFileReference; lastKnownFileType = folder.assetcatalog; path = Images.xcassets; sourceTree = "<group>"; };
		29153CB11A7D74CF00E03D07 /* Base */ = {isa = PBXFileReference; lastKnownFileType = file.xib; name = Base; path = Base.lproj/LaunchScreen.xib; sourceTree = "<group>"; };
		29153CB71A7D74CF00E03D07 /* NakedTracksTests.xctest */ = {isa = PBXFileReference; explicitFileType = wrapper.cfbundle; includeInIndex = 0; path = NakedTracksTests.xctest; sourceTree = BUILT_PRODUCTS_DIR; };
		29153CBC1A7D74CF00E03D07 /* Info.plist */ = {isa = PBXFileReference; lastKnownFileType = text.plist.xml; path = Info.plist; sourceTree = "<group>"; };
		29153CBD1A7D74CF00E03D07 /* NakedTracksTests.m */ = {isa = PBXFileReference; lastKnownFileType = sourcecode.c.objc; path = NakedTracksTests.m; sourceTree = "<group>"; };
		29153CC71A7D75A200E03D07 /* NakedTracksViewController.h */ = {isa = PBXFileReference; fileEncoding = 4; lastKnownFileType = sourcecode.c.h; path = NakedTracksViewController.h; sourceTree = "<group>"; };
		29153CC81A7D75A200E03D07 /* NakedTracksViewController.m */ = {isa = PBXFileReference; fileEncoding = 4; lastKnownFileType = sourcecode.c.objc; path = NakedTracksViewController.m; sourceTree = "<group>"; };
		29153CC91A7D75A200E03D07 /* NakedTracksViewController.xib */ = {isa = PBXFileReference; fileEncoding = 4; lastKnownFileType = file.xib; path = NakedTracksViewController.xib; sourceTree = "<group>"; };
		29153CCC1A7D847E00E03D07 /* Song.h */ = {isa = PBXFileReference; fileEncoding = 4; lastKnownFileType = sourcecode.c.h; path = Song.h; sourceTree = "<group>"; };
		29153CCD1A7D847E00E03D07 /* Song.m */ = {isa = PBXFileReference; fileEncoding = 4; lastKnownFileType = sourcecode.c.objc; path = Song.m; sourceTree = "<group>"; };
		29153CCF1A7D877A00E03D07 /* songlist.json */ = {isa = PBXFileReference; fileEncoding = 4; lastKnownFileType = text.json; path = songlist.json; sourceTree = "<group>"; };
		292D2F371A916679003C1C7C /* NakedTracksMainView.h */ = {isa = PBXFileReference; fileEncoding = 4; lastKnownFileType = sourcecode.c.h; path = NakedTracksMainView.h; sourceTree = "<group>"; };
		292D2F381A916679003C1C7C /* NakedTracksMainView.m */ = {isa = PBXFileReference; fileEncoding = 4; lastKnownFileType = sourcecode.c.objc; path = NakedTracksMainView.m; sourceTree = "<group>"; };
		292D2F3A1A91789A003C1C7C /* mixer.png */ = {isa = PBXFileReference; lastKnownFileType = image.png; path = mixer.png; sourceTree = "<group>"; };
		29B60D271A9C12F700A64B77 /* Knewave-Regular.ttf */ = {isa = PBXFileReference; lastKnownFileType = file; path = "Knewave-Regular.ttf"; sourceTree = "<group>"; };
		29B675421A8C1FEC001F7B6F /* want_you_to_want_me.wav */ = {isa = PBXFileReference; lastKnownFileType = audio.wav; path = want_you_to_want_me.wav; sourceTree = "<group>"; };
		29BB0ABF1AB450B40056674D /* 2112.wav */ = {isa = PBXFileReference; lastKnownFileType = audio.wav; path = 2112.wav; sourceTree = "<group>"; };
		29BB0AC11AB451080056674D /* Carry_On_Wayward_Son.wav */ = {isa = PBXFileReference; lastKnownFileType = audio.wav; path = Carry_On_Wayward_Son.wav; sourceTree = "<group>"; };
		29BB0AC31AB451680056674D /* Come_Together_Verse.wav */ = {isa = PBXFileReference; lastKnownFileType = audio.wav; path = Come_Together_Verse.wav; sourceTree = "<group>"; };
		29BB0AC51AB451A70056674D /* Fly_By_Night_GTR_Chorus.wav */ = {isa = PBXFileReference; lastKnownFileType = audio.wav; path = Fly_By_Night_GTR_Chorus.wav; sourceTree = "<group>"; };
		29BB0AC71AB4520C0056674D /* Lady_Madonna_Bridge.wav */ = {isa = PBXFileReference; lastKnownFileType = audio.wav; path = Lady_Madonna_Bridge.wav; sourceTree = "<group>"; };
		29BB0ACB1AB4537E0056674D /* Lonely_Is_The_Night_Intro.wav */ = {isa = PBXFileReference; lastKnownFileType = audio.wav; path = Lonely_Is_The_Night_Intro.wav; sourceTree = "<group>"; };
		29BB0ACD1AB453F30056674D /* Stranglehold.wav */ = {isa = PBXFileReference; lastKnownFileType = audio.wav; path = Stranglehold.wav; sourceTree = "<group>"; };
		29BB0ACF1AB454770056674D /* I_Can_See_For_Miles.wav */ = {isa = PBXFileReference; lastKnownFileType = audio.wav; path = I_Can_See_For_Miles.wav; sourceTree = "<group>"; };
		29BB0AD11AB4551A0056674D /* Red_Barchetta_BASS_Intro.wav */ = {isa = PBXFileReference; lastKnownFileType = audio.wav; path = Red_Barchetta_BASS_Intro.wav; sourceTree = "<group>"; };
		29BB0AD51AB458560056674D /* Lady_Madonna_Intro_Verse.wav */ = {isa = PBXFileReference; lastKnownFileType = audio.wav; path = Lady_Madonna_Intro_Verse.wav; sourceTree = "<group>"; };
		29BB0AD71AB4D3F70056674D /* Test_Console.gif */ = {isa = PBXFileReference; lastKnownFileType = image.gif; path = Test_Console.gif; sourceTree = "<group>"; };
		29CE6EEE1AC22B69003353E0 /* answerlist.json */ = {isa = PBXFileReference; fileEncoding = 4; lastKnownFileType = text.json; path = answerlist.json; sourceTree = "<group>"; };
		29E47FE71AD5E7330071A59C /* Answer.h */ = {isa = PBXFileReference; fileEncoding = 4; lastKnownFileType = sourcecode.c.h; path = Answer.h; sourceTree = "<group>"; };
		29E47FE81AD5E7330071A59C /* Answer.m */ = {isa = PBXFileReference; fileEncoding = 4; lastKnownFileType = sourcecode.c.objc; path = Answer.m; sourceTree = "<group>"; };
		29E47FEA1AE300FE0071A59C /* And_So_It_Goes.wav */ = {isa = PBXFileReference; lastKnownFileType = audio.wav; path = And_So_It_Goes.wav; sourceTree = "<group>"; };
		29E47FF01AE306DE0071A59C /* Captain_Jack.wav */ = {isa = PBXFileReference; lastKnownFileType = audio.wav; path = Captain_Jack.wav; sourceTree = "<group>"; };
		29E47FF11AE306DE0071A59C /* Highway_To_Hell_Chorus.wav */ = {isa = PBXFileReference; lastKnownFileType = audio.wav; path = Highway_To_Hell_Chorus.wav; sourceTree = "<group>"; };
		29E47FF41AE310450071A59C /* Dont_Let_The_Sun_Go_Down_Intro.wav */ = {isa = PBXFileReference; lastKnownFileType = audio.wav; path = Dont_Let_The_Sun_Go_Down_Intro.wav; sourceTree = "<group>"; };
		29E47FF51AE310450071A59C /* Goodbye_YellowBrickRoad.wav */ = {isa = PBXFileReference; lastKnownFileType = audio.wav; path = Goodbye_YellowBrickRoad.wav; sourceTree = "<group>"; };
		29E47FF81AE45C600071A59C /* Allright_Now_Gtr_Chorus.wav */ = {isa = PBXFileReference; lastKnownFileType = audio.wav; path = Allright_Now_Gtr_Chorus.wav; sourceTree = "<group>"; };
		29E47FFA1AE45C730071A59C /* Back_In_The_Ussr_Intro.wav */ = {isa = PBXFileReference; lastKnownFileType = audio.wav; path = Back_In_The_Ussr_Intro.wav; sourceTree = "<group>"; };
		29E47FFC1AE45C850071A59C /* Day_Tripper_GTR_Intro.wav */ = {isa = PBXFileReference; lastKnownFileType = audio.wav; path = Day_Tripper_GTR_Intro.wav; sourceTree = "<group>"; };
		29E47FFE1AE45C8F0071A59C /* House_of_the_rising_sun.wav */ = {isa = PBXFileReference; lastKnownFileType = audio.wav; path = House_of_the_rising_sun.wav; sourceTree = "<group>"; };
		29E480001AE45C9F0071A59C /* John_Lenon_Imagine.wav */ = {isa = PBXFileReference; lastKnownFileType = audio.wav; path = John_Lenon_Imagine.wav; sourceTree = "<group>"; };
		29E480021AE45CAE0071A59C /* Knock_Me_Off_My_Feet.wav */ = {isa = PBXFileReference; lastKnownFileType = audio.wav; path = Knock_Me_Off_My_Feet.wav; sourceTree = "<group>"; };
		29E480031AE45CAE0071A59C /* Wonderwall_Acoustic_Intro.wav */ = {isa = PBXFileReference; lastKnownFileType = audio.wav; path = Wonderwall_Acoustic_Intro.wav; sourceTree = "<group>"; };
		4241BE7F8A24C6DAD64FBE3D /* Pods.release.xcconfig */ = {isa = PBXFileReference; includeInIndex = 1; lastKnownFileType = text.xcconfig; name = Pods.release.xcconfig; path = "Pods/Target Support Files/Pods/Pods.release.xcconfig"; sourceTree = "<group>"; };
		B50B16C0AC037CFEDB1CF132 /* libPods.a */ = {isa = PBXFileReference; explicitFileType = archive.ar; includeInIndex = 0; path = libPods.a; sourceTree = BUILT_PRODUCTS_DIR; };
/* End PBXFileReference section */

/* Begin PBXFrameworksBuildPhase section */
		29153C9B1A7D74CF00E03D07 /* Frameworks */ = {
			isa = PBXFrameworksBuildPhase;
			buildActionMask = 2147483647;
			files = (
				9645E9701EC7D0556D443357 /* libPods.a in Frameworks */,
			);
			runOnlyForDeploymentPostprocessing = 0;
		};
		29153CB41A7D74CF00E03D07 /* Frameworks */ = {
			isa = PBXFrameworksBuildPhase;
			buildActionMask = 2147483647;
			files = (
			);
			runOnlyForDeploymentPostprocessing = 0;
		};
/* End PBXFrameworksBuildPhase section */

/* Begin PBXGroup section */
		29153C951A7D74CF00E03D07 = {
			isa = PBXGroup;
			children = (
				29153CC71A7D75A200E03D07 /* NakedTracksViewController.h */,
				29153CCC1A7D847E00E03D07 /* Song.h */,
				29153CCD1A7D847E00E03D07 /* Song.m */,
				29E47FE71AD5E7330071A59C /* Answer.h */,
				29E47FE81AD5E7330071A59C /* Answer.m */,
				29153CC81A7D75A200E03D07 /* NakedTracksViewController.m */,
				292D2F371A916679003C1C7C /* NakedTracksMainView.h */,
				292D2F381A916679003C1C7C /* NakedTracksMainView.m */,
				29153CC91A7D75A200E03D07 /* NakedTracksViewController.xib */,
				29153CA01A7D74CF00E03D07 /* NakedTracks */,
				29153CBA1A7D74CF00E03D07 /* NakedTracksTests */,
				29153C9F1A7D74CF00E03D07 /* Products */,
				29153CCF1A7D877A00E03D07 /* songlist.json */,
				29CE6EEE1AC22B69003353E0 /* answerlist.json */,
				292D2F3A1A91789A003C1C7C /* mixer.png */,
				29B60D271A9C12F700A64B77 /* Knewave-Regular.ttf */,
				29BB0AD71AB4D3F70056674D /* Test_Console.gif */,
				B58568C2D83CDA89188A511B /* Pods */,
				3846E6EE03C61256A5CFF9E3 /* Frameworks */,
			);
			sourceTree = "<group>";
		};
		29153C9F1A7D74CF00E03D07 /* Products */ = {
			isa = PBXGroup;
			children = (
				29153C9E1A7D74CF00E03D07 /* NakedTracks.app */,
				29153CB71A7D74CF00E03D07 /* NakedTracksTests.xctest */,
			);
			name = Products;
			sourceTree = "<group>";
		};
		29153CA01A7D74CF00E03D07 /* NakedTracks */ = {
			isa = PBXGroup;
			children = (
				29153CA51A7D74CF00E03D07 /* AppDelegate.h */,
				2937E9EA1AABBFC0003D9245 /* Audio Files */,
				29153CA61A7D74CF00E03D07 /* AppDelegate.m */,
				29153CA81A7D74CF00E03D07 /* ViewController.h */,
				29153CA91A7D74CF00E03D07 /* ViewController.m */,
				29153CAB1A7D74CF00E03D07 /* Main.storyboard */,
				29153CAE1A7D74CF00E03D07 /* Images.xcassets */,
				29153CB01A7D74CF00E03D07 /* LaunchScreen.xib */,
				29153CA11A7D74CF00E03D07 /* Supporting Files */,
			);
			path = NakedTracks;
			sourceTree = "<group>";
		};
		29153CA11A7D74CF00E03D07 /* Supporting Files */ = {
			isa = PBXGroup;
			children = (
				29153CA21A7D74CF00E03D07 /* Info.plist */,
				29153CA31A7D74CF00E03D07 /* main.m */,
			);
			name = "Supporting Files";
			sourceTree = "<group>";
		};
		29153CBA1A7D74CF00E03D07 /* NakedTracksTests */ = {
			isa = PBXGroup;
			children = (
				29153CBD1A7D74CF00E03D07 /* NakedTracksTests.m */,
				29153CBB1A7D74CF00E03D07 /* Supporting Files */,
			);
			path = NakedTracksTests;
			sourceTree = "<group>";
		};
		29153CBB1A7D74CF00E03D07 /* Supporting Files */ = {
			isa = PBXGroup;
			children = (
				29153CBC1A7D74CF00E03D07 /* Info.plist */,
			);
			name = "Supporting Files";
			sourceTree = "<group>";
		};
		2937E9EA1AABBFC0003D9245 /* Audio Files */ = {
			isa = PBXGroup;
			children = (
				29E47FF81AE45C600071A59C /* Allright_Now_Gtr_Chorus.wav */,
				29E47FF41AE310450071A59C /* Dont_Let_The_Sun_Go_Down_Intro.wav */,
				29E47FFC1AE45C850071A59C /* Day_Tripper_GTR_Intro.wav */,
				29E480021AE45CAE0071A59C /* Knock_Me_Off_My_Feet.wav */,
				29E480031AE45CAE0071A59C /* Wonderwall_Acoustic_Intro.wav */,
				29E47FF51AE310450071A59C /* Goodbye_YellowBrickRoad.wav */,
				29E47FFA1AE45C730071A59C /* Back_In_The_Ussr_Intro.wav */,
				29E47FFE1AE45C8F0071A59C /* House_of_the_rising_sun.wav */,
				29E47FF01AE306DE0071A59C /* Captain_Jack.wav */,
				29E47FF11AE306DE0071A59C /* Highway_To_Hell_Chorus.wav */,
				29E47FEA1AE300FE0071A59C /* And_So_It_Goes.wav */,
				29BB0AC11AB451080056674D /* Carry_On_Wayward_Son.wav */,
				29E480001AE45C9F0071A59C /* John_Lenon_Imagine.wav */,
				29BB0AC31AB451680056674D /* Come_Together_Verse.wav */,
				29BB0ACF1AB454770056674D /* I_Can_See_For_Miles.wav */,
				29BB0ABF1AB450B40056674D /* 2112.wav */,
				29BB0AD51AB458560056674D /* Lady_Madonna_Intro_Verse.wav */,
				29BB0AC71AB4520C0056674D /* Lady_Madonna_Bridge.wav */,
				29BB0AD11AB4551A0056674D /* Red_Barchetta_BASS_Intro.wav */,
				29BB0ACB1AB4537E0056674D /* Lonely_Is_The_Night_Intro.wav */,
				29BB0AC51AB451A70056674D /* Fly_By_Night_GTR_Chorus.wav */,
				29BB0ACD1AB453F30056674D /* Stranglehold.wav */,
				29B675421A8C1FEC001F7B6F /* want_you_to_want_me.wav */,
			);
			name = "Audio Files";
			path = ..;
			sourceTree = "<group>";
		};
		3846E6EE03C61256A5CFF9E3 /* Frameworks */ = {
			isa = PBXGroup;
			children = (
				B50B16C0AC037CFEDB1CF132 /* libPods.a */,
			);
			name = Frameworks;
			sourceTree = "<group>";
		};
		B58568C2D83CDA89188A511B /* Pods */ = {
			isa = PBXGroup;
			children = (
				26F0BAAA14E52ECBBA02AE3F /* Pods.debug.xcconfig */,
				4241BE7F8A24C6DAD64FBE3D /* Pods.release.xcconfig */,
			);
			name = Pods;
			sourceTree = "<group>";
		};
/* End PBXGroup section */

/* Begin PBXNativeTarget section */
		29153C9D1A7D74CF00E03D07 /* NakedTracks */ = {
			isa = PBXNativeTarget;
			buildConfigurationList = 29153CC11A7D74CF00E03D07 /* Build configuration list for PBXNativeTarget "NakedTracks" */;
			buildPhases = (
				43D2F5A9AF67ACCF1D0AAD24 /* Check Pods Manifest.lock */,
				29153C9A1A7D74CF00E03D07 /* Sources */,
				29153C9B1A7D74CF00E03D07 /* Frameworks */,
				29153C9C1A7D74CF00E03D07 /* Resources */,
				DFE3776A29E828F5E5D26970 /* Copy Pods Resources */,
			);
			buildRules = (
			);
			dependencies = (
			);
			name = NakedTracks;
			productName = NakedTracks;
			productReference = 29153C9E1A7D74CF00E03D07 /* NakedTracks.app */;
			productType = "com.apple.product-type.application";
		};
		29153CB61A7D74CF00E03D07 /* NakedTracksTests */ = {
			isa = PBXNativeTarget;
			buildConfigurationList = 29153CC41A7D74CF00E03D07 /* Build configuration list for PBXNativeTarget "NakedTracksTests" */;
			buildPhases = (
				29153CB31A7D74CF00E03D07 /* Sources */,
				29153CB41A7D74CF00E03D07 /* Frameworks */,
				29153CB51A7D74CF00E03D07 /* Resources */,
			);
			buildRules = (
			);
			dependencies = (
				29153CB91A7D74CF00E03D07 /* PBXTargetDependency */,
			);
			name = NakedTracksTests;
			productName = NakedTracksTests;
			productReference = 29153CB71A7D74CF00E03D07 /* NakedTracksTests.xctest */;
			productType = "com.apple.product-type.bundle.unit-test";
		};
/* End PBXNativeTarget section */

/* Begin PBXProject section */
		29153C961A7D74CF00E03D07 /* Project object */ = {
			isa = PBXProject;
			attributes = {
				LastUpgradeCheck = 0610;
				ORGANIZATIONNAME = "NakedTracks Software";
				TargetAttributes = {
					29153C9D1A7D74CF00E03D07 = {
						CreatedOnToolsVersion = 6.1.1;
						DevelopmentTeam = F489G5J9B9;
					};
					29153CB61A7D74CF00E03D07 = {
						CreatedOnToolsVersion = 6.1.1;
						DevelopmentTeam = F489G5J9B9;
						TestTargetID = 29153C9D1A7D74CF00E03D07;
					};
				};
			};
			buildConfigurationList = 29153C991A7D74CF00E03D07 /* Build configuration list for PBXProject "NakedTracks" */;
			compatibilityVersion = "Xcode 3.2";
			developmentRegion = English;
			hasScannedForEncodings = 0;
			knownRegions = (
				en,
				Base,
			);
			mainGroup = 29153C951A7D74CF00E03D07;
			productRefGroup = 29153C9F1A7D74CF00E03D07 /* Products */;
			projectDirPath = "";
			projectRoot = "";
			targets = (
				29153C9D1A7D74CF00E03D07 /* NakedTracks */,
				29153CB61A7D74CF00E03D07 /* NakedTracksTests */,
			);
		};
/* End PBXProject section */

/* Begin PBXResourcesBuildPhase section */
		29153C9C1A7D74CF00E03D07 /* Resources */ = {
			isa = PBXResourcesBuildPhase;
			buildActionMask = 2147483647;
			files = (
				29E47FF21AE306DE0071A59C /* Captain_Jack.wav in Resources */,
				29B60D281A9C140E00A64B77 /* Knewave-Regular.ttf in Resources */,
				29E47FED1AE300FE0071A59C /* And_So_It_Goes.wav in Resources */,
				29BB0ACE1AB453F30056674D /* Stranglehold.wav in Resources */,
				29B675431A8C1FEC001F7B6F /* want_you_to_want_me.wav in Resources */,
				29E480011AE45C9F0071A59C /* John_Lenon_Imagine.wav in Resources */,
				29E47FFB1AE45C730071A59C /* Back_In_The_Ussr_Intro.wav in Resources */,
				29BB0AC01AB450B40056674D /* 2112.wav in Resources */,
				29153CCB1A7D75A200E03D07 /* NakedTracksViewController.xib in Resources */,
				29E47FF61AE310450071A59C /* Dont_Let_The_Sun_Go_Down_Intro.wav in Resources */,
				29E47FF91AE45C600071A59C /* Allright_Now_Gtr_Chorus.wav in Resources */,
				29BB0AC21AB451080056674D /* Carry_On_Wayward_Son.wav in Resources */,
				29153CAD1A7D74CF00E03D07 /* Main.storyboard in Resources */,
				29E480041AE45CAE0071A59C /* Knock_Me_Off_My_Feet.wav in Resources */,
				29CE6EEF1AC22B69003353E0 /* answerlist.json in Resources */,
				29153CB21A7D74CF00E03D07 /* LaunchScreen.xib in Resources */,
				29BB0AC81AB4520C0056674D /* Lady_Madonna_Bridge.wav in Resources */,
				29BB0AC61AB451A70056674D /* Fly_By_Night_GTR_Chorus.wav in Resources */,
				29153CD01A7D877A00E03D07 /* songlist.json in Resources */,
				29BB0AC41AB451680056674D /* Come_Together_Verse.wav in Resources */,
				29E47FF31AE306DE0071A59C /* Highway_To_Hell_Chorus.wav in Resources */,
				29E47FFF1AE45C8F0071A59C /* House_of_the_rising_sun.wav in Resources */,
				29E47FFD1AE45C850071A59C /* Day_Tripper_GTR_Intro.wav in Resources */,
				29BB0ACC1AB4537E0056674D /* Lonely_Is_The_Night_Intro.wav in Resources */,
				29153CAF1A7D74CF00E03D07 /* Images.xcassets in Resources */,
				29BB0AD01AB454770056674D /* I_Can_See_For_Miles.wav in Resources */,
				29E47FF71AE310450071A59C /* Goodbye_YellowBrickRoad.wav in Resources */,
				292D2F3B1A91789A003C1C7C /* mixer.png in Resources */,
				29BB0AD81AB4D3F70056674D /* Test_Console.gif in Resources */,
				29E480051AE45CAE0071A59C /* Wonderwall_Acoustic_Intro.wav in Resources */,
				29BB0AD61AB458560056674D /* Lady_Madonna_Intro_Verse.wav in Resources */,
				29BB0AD21AB4551A0056674D /* Red_Barchetta_BASS_Intro.wav in Resources */,
			);
			runOnlyForDeploymentPostprocessing = 0;
		};
		29153CB51A7D74CF00E03D07 /* Resources */ = {
			isa = PBXResourcesBuildPhase;
			buildActionMask = 2147483647;
			files = (
			);
			runOnlyForDeploymentPostprocessing = 0;
		};
/* End PBXResourcesBuildPhase section */

/* Begin PBXShellScriptBuildPhase section */
		43D2F5A9AF67ACCF1D0AAD24 /* Check Pods Manifest.lock */ = {
			isa = PBXShellScriptBuildPhase;
			buildActionMask = 2147483647;
			files = (
			);
			inputPaths = (
			);
			name = "Check Pods Manifest.lock";
			outputPaths = (
			);
			runOnlyForDeploymentPostprocessing = 0;
			shellPath = /bin/sh;
			shellScript = "diff \"${PODS_ROOT}/../Podfile.lock\" \"${PODS_ROOT}/Manifest.lock\" > /dev/null\nif [[ $? != 0 ]] ; then\n    cat << EOM\nerror: The sandbox is not in sync with the Podfile.lock. Run 'pod install' or update your CocoaPods installation.\nEOM\n    exit 1\nfi\n";
			showEnvVarsInLog = 0;
		};
		DFE3776A29E828F5E5D26970 /* Copy Pods Resources */ = {
			isa = PBXShellScriptBuildPhase;
			buildActionMask = 2147483647;
			files = (
			);
			inputPaths = (
			);
			name = "Copy Pods Resources";
			outputPaths = (
			);
			runOnlyForDeploymentPostprocessing = 0;
			shellPath = /bin/sh;
			shellScript = "\"${SRCROOT}/Pods/Target Support Files/Pods/Pods-resources.sh\"\n";
			showEnvVarsInLog = 0;
		};
/* End PBXShellScriptBuildPhase section */

/* Begin PBXSourcesBuildPhase section */
		29153C9A1A7D74CF00E03D07 /* Sources */ = {
			isa = PBXSourcesBuildPhase;
			buildActionMask = 2147483647;
			files = (
				29153CCE1A7D847E00E03D07 /* Song.m in Sources */,
				29E47FE91AD5E7330071A59C /* Answer.m in Sources */,
				29153CCA1A7D75A200E03D07 /* NakedTracksViewController.m in Sources */,
				29153CAA1A7D74CF00E03D07 /* ViewController.m in Sources */,
				292D2F391A916679003C1C7C /* NakedTracksMainView.m in Sources */,
				29153CA71A7D74CF00E03D07 /* AppDelegate.m in Sources */,
				29153CA41A7D74CF00E03D07 /* main.m in Sources */,
			);
			runOnlyForDeploymentPostprocessing = 0;
		};
		29153CB31A7D74CF00E03D07 /* Sources */ = {
			isa = PBXSourcesBuildPhase;
			buildActionMask = 2147483647;
			files = (
				29153CBE1A7D74CF00E03D07 /* NakedTracksTests.m in Sources */,
			);
			runOnlyForDeploymentPostprocessing = 0;
		};
/* End PBXSourcesBuildPhase section */

/* Begin PBXTargetDependency section */
		29153CB91A7D74CF00E03D07 /* PBXTargetDependency */ = {
			isa = PBXTargetDependency;
			target = 29153C9D1A7D74CF00E03D07 /* NakedTracks */;
			targetProxy = 29153CB81A7D74CF00E03D07 /* PBXContainerItemProxy */;
		};
/* End PBXTargetDependency section */

/* Begin PBXVariantGroup section */
		29153CAB1A7D74CF00E03D07 /* Main.storyboard */ = {
			isa = PBXVariantGroup;
			children = (
				29153CAC1A7D74CF00E03D07 /* Base */,
			);
			name = Main.storyboard;
			sourceTree = "<group>";
		};
		29153CB01A7D74CF00E03D07 /* LaunchScreen.xib */ = {
			isa = PBXVariantGroup;
			children = (
				29153CB11A7D74CF00E03D07 /* Base */,
			);
			name = LaunchScreen.xib;
			sourceTree = "<group>";
		};
/* End PBXVariantGroup section */

/* Begin XCBuildConfiguration section */
		29153CBF1A7D74CF00E03D07 /* Debug */ = {
			isa = XCBuildConfiguration;
			buildSettings = {
				ALWAYS_SEARCH_USER_PATHS = NO;
				CLANG_CXX_LANGUAGE_STANDARD = "gnu++0x";
				CLANG_CXX_LIBRARY = "libc++";
				CLANG_ENABLE_MODULES = YES;
				CLANG_ENABLE_OBJC_ARC = YES;
				CLANG_WARN_BOOL_CONVERSION = YES;
				CLANG_WARN_CONSTANT_CONVERSION = YES;
				CLANG_WARN_DIRECT_OBJC_ISA_USAGE = YES_ERROR;
				CLANG_WARN_EMPTY_BODY = YES;
				CLANG_WARN_ENUM_CONVERSION = YES;
				CLANG_WARN_INT_CONVERSION = YES;
				CLANG_WARN_OBJC_ROOT_CLASS = YES_ERROR;
				CLANG_WARN_UNREACHABLE_CODE = YES;
				CLANG_WARN__DUPLICATE_METHOD_MATCH = YES;
				"CODE_SIGN_IDENTITY[sdk=iphoneos*]" = "iPhone Developer";
				COPY_PHASE_STRIP = NO;
				ENABLE_STRICT_OBJC_MSGSEND = YES;
				GCC_C_LANGUAGE_STANDARD = gnu99;
				GCC_DYNAMIC_NO_PIC = NO;
				GCC_OPTIMIZATION_LEVEL = 0;
				GCC_PREPROCESSOR_DEFINITIONS = (
					"DEBUG=1",
					"$(inherited)",
				);
				GCC_SYMBOLS_PRIVATE_EXTERN = NO;
				GCC_WARN_64_TO_32_BIT_CONVERSION = YES;
				GCC_WARN_ABOUT_RETURN_TYPE = YES_ERROR;
				GCC_WARN_UNDECLARED_SELECTOR = YES;
				GCC_WARN_UNINITIALIZED_AUTOS = YES_AGGRESSIVE;
				GCC_WARN_UNUSED_FUNCTION = YES;
				GCC_WARN_UNUSED_VARIABLE = YES;
				IPHONEOS_DEPLOYMENT_TARGET = 8.1;
				MTL_ENABLE_DEBUG_INFO = YES;
				ONLY_ACTIVE_ARCH = YES;
				SDKROOT = iphoneos;
			};
			name = Debug;
		};
		29153CC01A7D74CF00E03D07 /* Release */ = {
			isa = XCBuildConfiguration;
			buildSettings = {
				ALWAYS_SEARCH_USER_PATHS = NO;
				CLANG_CXX_LANGUAGE_STANDARD = "gnu++0x";
				CLANG_CXX_LIBRARY = "libc++";
				CLANG_ENABLE_MODULES = YES;
				CLANG_ENABLE_OBJC_ARC = YES;
				CLANG_WARN_BOOL_CONVERSION = YES;
				CLANG_WARN_CONSTANT_CONVERSION = YES;
				CLANG_WARN_DIRECT_OBJC_ISA_USAGE = YES_ERROR;
				CLANG_WARN_EMPTY_BODY = YES;
				CLANG_WARN_ENUM_CONVERSION = YES;
				CLANG_WARN_INT_CONVERSION = YES;
				CLANG_WARN_OBJC_ROOT_CLASS = YES_ERROR;
				CLANG_WARN_UNREACHABLE_CODE = YES;
				CLANG_WARN__DUPLICATE_METHOD_MATCH = YES;
				"CODE_SIGN_IDENTITY[sdk=iphoneos*]" = "iPhone Developer";
				COPY_PHASE_STRIP = YES;
				ENABLE_NS_ASSERTIONS = NO;
				ENABLE_STRICT_OBJC_MSGSEND = YES;
				GCC_C_LANGUAGE_STANDARD = gnu99;
				GCC_WARN_64_TO_32_BIT_CONVERSION = YES;
				GCC_WARN_ABOUT_RETURN_TYPE = YES_ERROR;
				GCC_WARN_UNDECLARED_SELECTOR = YES;
				GCC_WARN_UNINITIALIZED_AUTOS = YES_AGGRESSIVE;
				GCC_WARN_UNUSED_FUNCTION = YES;
				GCC_WARN_UNUSED_VARIABLE = YES;
				IPHONEOS_DEPLOYMENT_TARGET = 8.1;
				MTL_ENABLE_DEBUG_INFO = NO;
				SDKROOT = iphoneos;
				VALIDATE_PRODUCT = YES;
			};
			name = Release;
		};
		29153CC21A7D74CF00E03D07 /* Debug */ = {
			isa = XCBuildConfiguration;
			baseConfigurationReference = 26F0BAAA14E52ECBBA02AE3F /* Pods.debug.xcconfig */;
			buildSettings = {
				ASSETCATALOG_COMPILER_APPICON_NAME = AppIcon;
				INFOPLIST_FILE = NakedTracks/Info.plist;
				LD_RUNPATH_SEARCH_PATHS = "$(inherited) @executable_path/Frameworks";
				PRODUCT_NAME = "$(TARGET_NAME)";
			};
			name = Debug;
		};
		29153CC31A7D74CF00E03D07 /* Release */ = {
			isa = XCBuildConfiguration;
			baseConfigurationReference = 4241BE7F8A24C6DAD64FBE3D /* Pods.release.xcconfig */;
			buildSettings = {
				ASSETCATALOG_COMPILER_APPICON_NAME = AppIcon;
				INFOPLIST_FILE = NakedTracks/Info.plist;
				LD_RUNPATH_SEARCH_PATHS = "$(inherited) @executable_path/Frameworks";
				PRODUCT_NAME = "$(TARGET_NAME)";
			};
			name = Release;
		};
		29153CC51A7D74CF00E03D07 /* Debug */ = {
			isa = XCBuildConfiguration;
			buildSettings = {
				BUNDLE_LOADER = "$(TEST_HOST)";
				CODE_SIGN_IDENTITY = "iPhone Developer";
				"CODE_SIGN_IDENTITY[sdk=iphoneos*]" = "iPhone Developer";
				FRAMEWORK_SEARCH_PATHS = (
					"$(SDKROOT)/Developer/Library/Frameworks",
					"$(inherited)",
				);
				GCC_PREPROCESSOR_DEFINITIONS = (
					"DEBUG=1",
					"$(inherited)",
				);
				INFOPLIST_FILE = NakedTracksTests/Info.plist;
				LD_RUNPATH_SEARCH_PATHS = "$(inherited) @executable_path/Frameworks @loader_path/Frameworks";
				PRODUCT_NAME = "$(TARGET_NAME)";
				PROVISIONING_PROFILE = "";
				TEST_HOST = "$(BUILT_PRODUCTS_DIR)/NakedTracks.app/NakedTracks";
			};
			name = Debug;
		};
		29153CC61A7D74CF00E03D07 /* Release */ = {
			isa = XCBuildConfiguration;
			buildSettings = {
				BUNDLE_LOADER = "$(TEST_HOST)";
				CODE_SIGN_IDENTITY = "iPhone Developer";
				"CODE_SIGN_IDENTITY[sdk=iphoneos*]" = "iPhone Developer";
				FRAMEWORK_SEARCH_PATHS = (
					"$(SDKROOT)/Developer/Library/Frameworks",
					"$(inherited)",
				);
				INFOPLIST_FILE = NakedTracksTests/Info.plist;
				LD_RUNPATH_SEARCH_PATHS = "$(inherited) @executable_path/Frameworks @loader_path/Frameworks";
				PRODUCT_NAME = "$(TARGET_NAME)";
				PROVISIONING_PROFILE = "";
				TEST_HOST = "$(BUILT_PRODUCTS_DIR)/NakedTracks.app/NakedTracks";
			};
			name = Release;
		};
/* End XCBuildConfiguration section */

/* Begin XCConfigurationList section */
		29153C991A7D74CF00E03D07 /* Build configuration list for PBXProject "NakedTracks" */ = {
			isa = XCConfigurationList;
			buildConfigurations = (
				29153CBF1A7D74CF00E03D07 /* Debug */,
				29153CC01A7D74CF00E03D07 /* Release */,
			);
			defaultConfigurationIsVisible = 0;
			defaultConfigurationName = Release;
		};
		29153CC11A7D74CF00E03D07 /* Build configuration list for PBXNativeTarget "NakedTracks" */ = {
			isa = XCConfigurationList;
			buildConfigurations = (
				29153CC21A7D74CF00E03D07 /* Debug */,
				29153CC31A7D74CF00E03D07 /* Release */,
			);
			defaultConfigurationIsVisible = 0;
			defaultConfigurationName = Release;
		};
		29153CC41A7D74CF00E03D07 /* Build configuration list for PBXNativeTarget "NakedTracksTests" */ = {
			isa = XCConfigurationList;
			buildConfigurations = (
				29153CC51A7D74CF00E03D07 /* Debug */,
				29153CC61A7D74CF00E03D07 /* Release */,
			);
			defaultConfigurationIsVisible = 0;
			defaultConfigurationName = Release;
		};
/* End XCConfigurationList section */
	};
	rootObject = 29153C961A7D74CF00E03D07 /* Project object */;
}
